<?xml version="1.0" encoding="utf-8"?>
<Project ToolsVersion="4.0" xmlns="http://schemas.microsoft.com/developer/msbuild/2003">
  <ItemGroup>
    <Filter Include="Source Files">
      <UniqueIdentifier>{4FC737F1-C7A5-4376-A066-2A32D752A2FF}</UniqueIdentifier>
      <Extensions>cpp;c;cc;cxx;def;odl;idl;hpj;bat;asm;asmx</Extensions>
    </Filter>
    <Filter Include="Header Files">
      <UniqueIdentifier>{93995380-89BD-4b04-88EB-625FBE52EBFB}</UniqueIdentifier>
      <Extensions>h;hh;hpp;hxx;hm;inl;inc;ipp;xsd</Extensions>
    </Filter>
    <Filter Include="Resource Files">
      <UniqueIdentifier>{67DA6AB6-F800-4c08-8B7A-83BB121AAD01}</UniqueIdentifier>
      <Extensions>rc;ico;cur;bmp;dlg;rc2;rct;bin;rgs;gif;jpg;jpeg;jpe;resx;tiff;tif;png;wav;mfcribbon-ms</Extensions>
    </Filter>
    <Filter Include="Header Files\Utilities">
      <UniqueIdentifier>{c491ad6e-16a0-4889-839f-33d8e390d938}</UniqueIdentifier>
    </Filter>
    <Filter Include="Source Files\Utilities">
      <UniqueIdentifier>{db5f11b0-6489-4ae1-a443-bf5f69946d3d}</UniqueIdentifier>
    </Filter>
    <Filter Include="Header Files\PushGP">
      <UniqueIdentifier>{1c0f8765-bdb0-4bc5-9b88-77133f6a8d0f}</UniqueIdentifier>
    </Filter>
    <Filter Include="Source Files\PushGP">
      <UniqueIdentifier>{0e981989-40c9-4cc0-b795-234e64b2e861}</UniqueIdentifier>
    </Filter>
    <Filter Include="Header Files\Plush">
      <UniqueIdentifier>{0c70efad-225b-421e-b49c-9a4007498e52}</UniqueIdentifier>
    </Filter>
    <Filter Include="Source Files\Plush">
      <UniqueIdentifier>{e21770da-3700-4b3b-ba8b-86fceb7f5d94}</UniqueIdentifier>
    </Filter>
    <Filter Include="Header Files\Utilities\CoreTemp">
      <UniqueIdentifier>{c5e3967d-3351-43de-8b08-38815b3663d9}</UniqueIdentifier>
    </Filter>
    <Filter Include="Header Files\Domain">
      <UniqueIdentifier>{48dbd1b0-35a3-47bb-ab9e-82146f62963d}</UniqueIdentifier>
    </Filter>
    <Filter Include="Header Files\Domain\Learn From Examples">
      <UniqueIdentifier>{4d87c76a-4020-434e-9db5-279efb38e8aa}</UniqueIdentifier>
    </Filter>
  </ItemGroup>
  <ItemGroup>
    <ClInclude Include="pch.h">
      <Filter>Header Files</Filter>
    </ClInclude>
    <ClInclude Include="Utilities\MyException.h">
      <Filter>Header Files\Utilities</Filter>
    </ClInclude>
    <ClInclude Include="Utilities\Singleton.h">
      <Filter>Header Files\Utilities</Filter>
    </ClInclude>
    <ClInclude Include="PushGP\Individual.h">
      <Filter>Header Files\PushGP</Filter>
    </ClInclude>
    <ClInclude Include="PushGP\Random.h">
      <Filter>Header Files\PushGP</Filter>
    </ClInclude>
    <ClInclude Include="PushGP\Selection.h">
      <Filter>Header Files\PushGP</Filter>
    </ClInclude>
    <ClInclude Include="PushGP\GeneticOperators.h">
      <Filter>Header Files\PushGP</Filter>
    </ClInclude>
    <ClInclude Include="PushGP\Breed.h">
      <Filter>Header Files\PushGP</Filter>
    </ClInclude>
    <ClInclude Include="Utilities\Conversion.h">
      <Filter>Header Files\Utilities</Filter>
    </ClInclude>
    <ClInclude Include="Utilities\AtomicFunctions.h">
      <Filter>Header Files\Utilities</Filter>
    </ClInclude>
    <ClInclude Include="PushGP\Globals.h">
      <Filter>Header Files\PushGP</Filter>
    </ClInclude>
    <ClInclude Include="Utilities\CSVIterator.h">
      <Filter>Header Files\Utilities</Filter>
    </ClInclude>
    <ClInclude Include="PushGP\Utilities.h">
      <Filter>Header Files\PushGP</Filter>
    </ClInclude>
    <ClInclude Include="Plush\Genome.h">
      <Filter>Header Files\Plush</Filter>
    </ClInclude>
    <ClInclude Include="Plush\Atom.h">
      <Filter>Header Files\Plush</Filter>
    </ClInclude>
    <ClInclude Include="Utilities\Random.Utilities.h">
      <Filter>Header Files\Utilities</Filter>
    </ClInclude>
    <ClInclude Include="Utilities\CoreTemp\GetCoreTempInfo.h">
      <Filter>Header Files\Utilities\CoreTemp</Filter>
    </ClInclude>
    <ClInclude Include="Utilities\SystemInfo.h">
      <Filter>Header Files\Utilities</Filter>
    </ClInclude>
    <ClInclude Include="PushGP\SimulatedAnnealing.h">
      <Filter>Header Files\PushGP</Filter>
    </ClInclude>
    <ClInclude Include="Plush\Processor.h">
      <Filter>Header Files\Plush</Filter>
    </ClInclude>
    <ClInclude Include="Utilities\FixedSizeStack.h">
      <Filter>Header Files\Utilities</Filter>
    </ClInclude>
    <ClInclude Include="Utilities\String.h">
      <Filter>Header Files\Utilities</Filter>
    </ClInclude>
    <ClInclude Include="Plush\Plush.Instruction.h">
      <Filter>Header Files\Plush</Filter>
    </ClInclude>
    <ClInclude Include="Plush\Environment.h">
      <Filter>Header Files\Plush</Filter>
    </ClInclude>
    <ClInclude Include="Plush\Plush.StaticInit.h">
      <Filter>Header Files\Plush</Filter>
    </ClInclude>
    <ClInclude Include="Plush\Plush.ExecInstruction.h">
      <Filter>Header Files\Plush</Filter>
    </ClInclude>
    <ClInclude Include="Plush\Plush.BooleanInstructions.h">
      <Filter>Header Files\Plush</Filter>
    </ClInclude>
    <ClInclude Include="Plush\Plush.BoolOps.h">
      <Filter>Header Files\Plush</Filter>
    </ClInclude>
    <ClInclude Include="Plush\Plush.NumOps.h">
      <Filter>Header Files\Plush</Filter>
    </ClInclude>
    <ClInclude Include="Plush\Plush.FloatInstructions.h">
      <Filter>Header Files\Plush</Filter>
    </ClInclude>
    <ClInclude Include="Plush\Plush.IntegerInstructions.h">
      <Filter>Header Files\Plush</Filter>
    </ClInclude>
    <ClInclude Include="Domain\Arguments.h">
      <Filter>Header Files\Domain</Filter>
    </ClInclude>
    <ClInclude Include="Domain\Learn From Examples\Arguments.h">
      <Filter>Header Files\Domain\Learn From Examples</Filter>
    </ClInclude>
  </ItemGroup>
  <ItemGroup>
    <ClCompile Include="pch.cpp">
      <Filter>Source Files</Filter>
    </ClCompile>
    <ClCompile Include="main.cpp">
      <Filter>Source Files</Filter>
    </ClCompile>
    <ClCompile Include="Utilities\MyException.cpp">
      <Filter>Source Files\Utilities</Filter>
    </ClCompile>
    <ClCompile Include="PushGP\Individual.cpp">
      <Filter>Source Files\PushGP</Filter>
    </ClCompile>
    <ClCompile Include="PushGP\Random.cpp">
      <Filter>Source Files\PushGP</Filter>
    </ClCompile>
    <ClCompile Include="PushGP\Selection.cpp">
      <Filter>Source Files\PushGP</Filter>
    </ClCompile>
    <ClCompile Include="PushGP\GeneticOperators.cpp">
      <Filter>Source Files\PushGP</Filter>
    </ClCompile>
    <ClCompile Include="PushGP\Breed.cpp">
      <Filter>Source Files\PushGP</Filter>
    </ClCompile>
    <ClCompile Include="Utilities\Conversion.cpp">
      <Filter>Source Files\Utilities</Filter>
    </ClCompile>
    <ClCompile Include="Utilities\AtomicFunctions.cpp">
      <Filter>Source Files\Utilities</Filter>
    </ClCompile>
    <ClCompile Include="PushGP\Globals.cpp">
      <Filter>Source Files\PushGP</Filter>
    </ClCompile>
    <ClCompile Include="PushGP\Utilities.cpp">
      <Filter>Source Files\PushGP</Filter>
    </ClCompile>
    <ClCompile Include="Plush\Genome.cpp">
      <Filter>Source Files\Plush</Filter>
    </ClCompile>
    <ClCompile Include="Plush\Atom.cpp">
      <Filter>Source Files\Plush</Filter>
    </ClCompile>
    <ClCompile Include="Utilities\Random.Utilities.cpp">
      <Filter>Source Files\Utilities</Filter>
    </ClCompile>
    <ClCompile Include="Utilities\SystemInfo.cpp">
      <Filter>Source Files\Utilities</Filter>
    </ClCompile>
    <ClCompile Include="PushGP\SimulatedAnnealing.cpp">
      <Filter>Source Files\PushGP</Filter>
    </ClCompile>
    <ClCompile Include="Plush\Processor.cpp">
      <Filter>Source Files\Plush</Filter>
    </ClCompile>
    <ClCompile Include="Utilities\FixedSizeStack.cpp">
      <Filter>Source Files\Utilities</Filter>
    </ClCompile>
    <ClCompile Include="Utilities\String.cpp">
      <Filter>Source Files\Utilities</Filter>
    </ClCompile>
    <ClCompile Include="Plush\Plush.Instruction.cpp">
      <Filter>Source Files\Plush</Filter>
    </ClCompile>
    <ClCompile Include="Plush\Environment.cpp">
      <Filter>Source Files\Plush</Filter>
    </ClCompile>
    <ClCompile Include="Plush\Plush.StaticInit.cpp">
      <Filter>Source Files\Plush</Filter>
    </ClCompile>
    <ClCompile Include="Plush\Plush.ExecInstruction.cpp">
      <Filter>Source Files\Plush</Filter>
    </ClCompile>
    <ClCompile Include="Plush\Plush.BooleanInstructions.cpp">
      <Filter>Source Files\Plush</Filter>
    </ClCompile>
    <ClCompile Include="Plush\Plush.FloatInstructions.cpp">
      <Filter>Source Files\Plush</Filter>
    </ClCompile>
    <ClCompile Include="Plush\Plush.IntegerInstructions.cpp">
      <Filter>Source Files\Plush</Filter>
    </ClCompile>
  </ItemGroup>
</Project>